// !$*UTF8*$!
{
	archiveVersion = 1;
	classes = {
	};
	objectVersion = 56;
	objects = {

/* Begin PBXBuildFile section */
		419E52EF294B5261003B5E43 /* AppDelegate.swift in Sources */ = {isa = PBXBuildFile; fileRef = 419E52EE294B5261003B5E43 /* AppDelegate.swift */; };
		419E52F1294B5261003B5E43 /* SceneDelegate.swift in Sources */ = {isa = PBXBuildFile; fileRef = 419E52F0294B5261003B5E43 /* SceneDelegate.swift */; };
		419E52F3294B5261003B5E43 /* CitiesListViewController.swift in Sources */ = {isa = PBXBuildFile; fileRef = 419E52F2294B5261003B5E43 /* CitiesListViewController.swift */; };
		419E52F6294B5261003B5E43 /* Main.storyboard in Resources */ = {isa = PBXBuildFile; fileRef = 419E52F4294B5261003B5E43 /* Main.storyboard */; };
		419E52F8294B526B003B5E43 /* Assets.xcassets in Resources */ = {isa = PBXBuildFile; fileRef = 419E52F7294B526B003B5E43 /* Assets.xcassets */; };
		419E52FB294B526B003B5E43 /* LaunchScreen.storyboard in Resources */ = {isa = PBXBuildFile; fileRef = 419E52F9294B526B003B5E43 /* LaunchScreen.storyboard */; };
		419E5303294BBB4E003B5E43 /* CityTableViewCell.swift in Sources */ = {isa = PBXBuildFile; fileRef = 419E5302294BBB4D003B5E43 /* CityTableViewCell.swift */; };
		41DEAC4B294E86C3007752EC /* WeatherForecastModel.swift in Sources */ = {isa = PBXBuildFile; fileRef = 41DEAC4A294E86C3007752EC /* WeatherForecastModel.swift */; };
		41DEAC4D294E86EE007752EC /* ForecastService.swift in Sources */ = {isa = PBXBuildFile; fileRef = 41DEAC4C294E86EE007752EC /* ForecastService.swift */; };
		41DEAC4F294FA768007752EC /* Observable.swift in Sources */ = {isa = PBXBuildFile; fileRef = 41DEAC4E294FA768007752EC /* Observable.swift */; };
		41DEAC52294FBC23007752EC /* CitiesListViewModel.swift in Sources */ = {isa = PBXBuildFile; fileRef = 41DEAC51294FBC23007752EC /* CitiesListViewModel.swift */; };
		41DEAC542950587B007752EC /* SearchTableViewCell.swift in Sources */ = {isa = PBXBuildFile; fileRef = 41DEAC532950587B007752EC /* SearchTableViewCell.swift */; };
		41DEAC5629509598007752EC /* Forecast.storyboard in Resources */ = {isa = PBXBuildFile; fileRef = 41DEAC5529509598007752EC /* Forecast.storyboard */; };
		41DEAC5A29509636007752EC /* ForecastViewModel.swift in Sources */ = {isa = PBXBuildFile; fileRef = 41DEAC5929509636007752EC /* ForecastViewModel.swift */; };
		41DEAC5C2950ADC2007752EC /* ForecastViewController.swift in Sources */ = {isa = PBXBuildFile; fileRef = 41DEAC5B2950ADC2007752EC /* ForecastViewController.swift */; };
		41DEAC5E2950D949007752EC /* ForecastCollectionReusableView.swift in Sources */ = {isa = PBXBuildFile; fileRef = 41DEAC5D2950D949007752EC /* ForecastCollectionReusableView.swift */; };
		41DEAC6029510C00007752EC /* HourlyForecastCollectionViewCell.swift in Sources */ = {isa = PBXBuildFile; fileRef = 41DEAC5F29510C00007752EC /* HourlyForecastCollectionViewCell.swift */; };
		41DEAC6229511A06007752EC /* WeeklyForecastCollectionViewCell.swift in Sources */ = {isa = PBXBuildFile; fileRef = 41DEAC6129511A06007752EC /* WeeklyForecastCollectionViewCell.swift */; };
		41DEAC6429511A1F007752EC /* DescriptionCollectionViewCell.swift in Sources */ = {isa = PBXBuildFile; fileRef = 41DEAC6329511A1F007752EC /* DescriptionCollectionViewCell.swift */; };
		41DEAC6629511A27007752EC /* InfoCollectionViewCell.swift in Sources */ = {isa = PBXBuildFile; fileRef = 41DEAC6529511A27007752EC /* InfoCollectionViewCell.swift */; };
		41DEAC7029534E4B007752EC /* HourlyCellViewModel.swift in Sources */ = {isa = PBXBuildFile; fileRef = 41DEAC6F29534E4B007752EC /* HourlyCellViewModel.swift */; };
		41DEAC7B2953A6E5007752EC /* WeeklyCellViewModel.swift in Sources */ = {isa = PBXBuildFile; fileRef = 41DEAC7A2953A6E4007752EC /* WeeklyCellViewModel.swift */; };
		41DEAC7D29544D10007752EC /* InfoCellViewModel.swift in Sources */ = {isa = PBXBuildFile; fileRef = 41DEAC7C29544D10007752EC /* InfoCellViewModel.swift */; };
		41DEAC7F29545199007752EC /* CityCellViewModel.swift in Sources */ = {isa = PBXBuildFile; fileRef = 41DEAC7E29545199007752EC /* CityCellViewModel.swift */; };
		41DEAC8329545A4F007752EC /* CurrentWeatherModel.swift in Sources */ = {isa = PBXBuildFile; fileRef = 41DEAC8229545A4F007752EC /* CurrentWeatherModel.swift */; };
		41DEAC852954918B007752EC /* SearchTextField.swift in Sources */ = {isa = PBXBuildFile; fileRef = 41DEAC842954918B007752EC /* SearchTextField.swift */; };
/* End PBXBuildFile section */

/* Begin PBXFileReference section */
		419E52EB294B5261003B5E43 /* mmmarinasel_weather_app.app */ = {isa = PBXFileReference; explicitFileType = wrapper.application; includeInIndex = 0; path = mmmarinasel_weather_app.app; sourceTree = BUILT_PRODUCTS_DIR; };
		419E52EE294B5261003B5E43 /* AppDelegate.swift */ = {isa = PBXFileReference; lastKnownFileType = sourcecode.swift; path = AppDelegate.swift; sourceTree = "<group>"; };
		419E52F0294B5261003B5E43 /* SceneDelegate.swift */ = {isa = PBXFileReference; lastKnownFileType = sourcecode.swift; path = SceneDelegate.swift; sourceTree = "<group>"; };
		419E52F2294B5261003B5E43 /* CitiesListViewController.swift */ = {isa = PBXFileReference; lastKnownFileType = sourcecode.swift; path = CitiesListViewController.swift; sourceTree = "<group>"; };
		419E52F5294B5261003B5E43 /* Base */ = {isa = PBXFileReference; lastKnownFileType = file.storyboard; name = Base; path = Base.lproj/Main.storyboard; sourceTree = "<group>"; };
		419E52F7294B526B003B5E43 /* Assets.xcassets */ = {isa = PBXFileReference; lastKnownFileType = folder.assetcatalog; path = Assets.xcassets; sourceTree = "<group>"; };
		419E52FA294B526B003B5E43 /* Base */ = {isa = PBXFileReference; lastKnownFileType = file.storyboard; name = Base; path = Base.lproj/LaunchScreen.storyboard; sourceTree = "<group>"; };
		419E52FC294B526B003B5E43 /* Info.plist */ = {isa = PBXFileReference; lastKnownFileType = text.plist.xml; path = Info.plist; sourceTree = "<group>"; };
		419E5302294BBB4D003B5E43 /* CityTableViewCell.swift */ = {isa = PBXFileReference; lastKnownFileType = sourcecode.swift; path = CityTableViewCell.swift; sourceTree = "<group>"; };
		41DEAC4A294E86C3007752EC /* WeatherForecastModel.swift */ = {isa = PBXFileReference; lastKnownFileType = sourcecode.swift; path = WeatherForecastModel.swift; sourceTree = "<group>"; };
		41DEAC4C294E86EE007752EC /* ForecastService.swift */ = {isa = PBXFileReference; lastKnownFileType = sourcecode.swift; path = ForecastService.swift; sourceTree = "<group>"; };
		41DEAC4E294FA768007752EC /* Observable.swift */ = {isa = PBXFileReference; lastKnownFileType = sourcecode.swift; path = Observable.swift; sourceTree = "<group>"; };
		41DEAC51294FBC23007752EC /* CitiesListViewModel.swift */ = {isa = PBXFileReference; lastKnownFileType = sourcecode.swift; path = CitiesListViewModel.swift; sourceTree = "<group>"; };
		41DEAC532950587B007752EC /* SearchTableViewCell.swift */ = {isa = PBXFileReference; lastKnownFileType = sourcecode.swift; path = SearchTableViewCell.swift; sourceTree = "<group>"; };
		41DEAC5529509598007752EC /* Forecast.storyboard */ = {isa = PBXFileReference; lastKnownFileType = file.storyboard; path = Forecast.storyboard; sourceTree = "<group>"; };
		41DEAC5929509636007752EC /* ForecastViewModel.swift */ = {isa = PBXFileReference; lastKnownFileType = sourcecode.swift; path = ForecastViewModel.swift; sourceTree = "<group>"; };
		41DEAC5B2950ADC2007752EC /* ForecastViewController.swift */ = {isa = PBXFileReference; lastKnownFileType = sourcecode.swift; path = ForecastViewController.swift; sourceTree = "<group>"; };
		41DEAC5D2950D949007752EC /* ForecastCollectionReusableView.swift */ = {isa = PBXFileReference; lastKnownFileType = sourcecode.swift; path = ForecastCollectionReusableView.swift; sourceTree = "<group>"; };
		41DEAC5F29510C00007752EC /* HourlyForecastCollectionViewCell.swift */ = {isa = PBXFileReference; lastKnownFileType = sourcecode.swift; path = HourlyForecastCollectionViewCell.swift; sourceTree = "<group>"; };
		41DEAC6129511A06007752EC /* WeeklyForecastCollectionViewCell.swift */ = {isa = PBXFileReference; lastKnownFileType = sourcecode.swift; path = WeeklyForecastCollectionViewCell.swift; sourceTree = "<group>"; };
		41DEAC6329511A1F007752EC /* DescriptionCollectionViewCell.swift */ = {isa = PBXFileReference; lastKnownFileType = sourcecode.swift; path = DescriptionCollectionViewCell.swift; sourceTree = "<group>"; };
		41DEAC6529511A27007752EC /* InfoCollectionViewCell.swift */ = {isa = PBXFileReference; lastKnownFileType = sourcecode.swift; path = InfoCollectionViewCell.swift; sourceTree = "<group>"; };
		41DEAC6F29534E4B007752EC /* HourlyCellViewModel.swift */ = {isa = PBXFileReference; lastKnownFileType = sourcecode.swift; path = HourlyCellViewModel.swift; sourceTree = "<group>"; };
		41DEAC7A2953A6E4007752EC /* WeeklyCellViewModel.swift */ = {isa = PBXFileReference; lastKnownFileType = sourcecode.swift; path = WeeklyCellViewModel.swift; sourceTree = "<group>"; };
		41DEAC7C29544D10007752EC /* InfoCellViewModel.swift */ = {isa = PBXFileReference; lastKnownFileType = sourcecode.swift; path = InfoCellViewModel.swift; sourceTree = "<group>"; };
		41DEAC7E29545199007752EC /* CityCellViewModel.swift */ = {isa = PBXFileReference; lastKnownFileType = sourcecode.swift; path = CityCellViewModel.swift; sourceTree = "<group>"; };
		41DEAC8229545A4F007752EC /* CurrentWeatherModel.swift */ = {isa = PBXFileReference; lastKnownFileType = sourcecode.swift; path = CurrentWeatherModel.swift; sourceTree = "<group>"; };
		41DEAC842954918B007752EC /* SearchTextField.swift */ = {isa = PBXFileReference; lastKnownFileType = sourcecode.swift; path = SearchTextField.swift; sourceTree = "<group>"; };
/* End PBXFileReference section */

/* Begin PBXFrameworksBuildPhase section */
		419E52E8294B5261003B5E43 /* Frameworks */ = {
			isa = PBXFrameworksBuildPhase;
			buildActionMask = 2147483647;
			files = (
			);
			runOnlyForDeploymentPostprocessing = 0;
		};
/* End PBXFrameworksBuildPhase section */

/* Begin PBXGroup section */
		419E52E2294B5260003B5E43 = {
			isa = PBXGroup;
			children = (
				419E52ED294B5261003B5E43 /* mmmarinasel_weather_app */,
				419E52EC294B5261003B5E43 /* Products */,
			);
			sourceTree = "<group>";
		};
		419E52EC294B5261003B5E43 /* Products */ = {
			isa = PBXGroup;
			children = (
				419E52EB294B5261003B5E43 /* mmmarinasel_weather_app.app */,
			);
			name = Products;
			sourceTree = "<group>";
		};
		419E52ED294B5261003B5E43 /* mmmarinasel_weather_app */ = {
			isa = PBXGroup;
			children = (
				41DEAC71295351BD007752EC /* Helper */,
				41DEAC50294FA77E007752EC /* Service */,
				41DEAC72295351D2007752EC /* Screens */,
				419E52EE294B5261003B5E43 /* AppDelegate.swift */,
				419E52F0294B5261003B5E43 /* SceneDelegate.swift */,
				419E52F7294B526B003B5E43 /* Assets.xcassets */,
				419E52F9294B526B003B5E43 /* LaunchScreen.storyboard */,
				419E52FC294B526B003B5E43 /* Info.plist */,
			);
			path = mmmarinasel_weather_app;
			sourceTree = "<group>";
		};
		41DEAC50294FA77E007752EC /* Service */ = {
			isa = PBXGroup;
			children = (
				41DEAC4C294E86EE007752EC /* ForecastService.swift */,
			);
			path = Service;
			sourceTree = "<group>";
		};
		41DEAC57295095AC007752EC /* Cities */ = {
			isa = PBXGroup;
			children = (
				41DEAC7329535208007752EC /* Model */,
				41DEAC7429535213007752EC /* View */,
				41DEAC7529535219007752EC /* ViewModel */,
			);
			path = Cities;
			sourceTree = "<group>";
		};
		41DEAC58295095D8007752EC /* Forecast */ = {
			isa = PBXGroup;
			children = (
				41DEAC792953527F007752EC /* Model */,
				41DEAC782953527A007752EC /* View */,
				41DEAC7729535270007752EC /* ViewModel */,
			);
			path = Forecast;
			sourceTree = "<group>";
		};
		41DEAC6729534A4D007752EC /* Cells */ = {
			isa = PBXGroup;
			children = (
				41DEAC5F29510C00007752EC /* HourlyForecastCollectionViewCell.swift */,
				41DEAC6129511A06007752EC /* WeeklyForecastCollectionViewCell.swift */,
				41DEAC6329511A1F007752EC /* DescriptionCollectionViewCell.swift */,
				41DEAC6529511A27007752EC /* InfoCollectionViewCell.swift */,
			);
			path = Cells;
			sourceTree = "<group>";
		};
		41DEAC6C29534A8B007752EC /* Header */ = {
			isa = PBXGroup;
			children = (
				41DEAC5D2950D949007752EC /* ForecastCollectionReusableView.swift */,
			);
			path = Header;
			sourceTree = "<group>";
		};
		41DEAC71295351BD007752EC /* Helper */ = {
			isa = PBXGroup;
			children = (
				41DEAC4E294FA768007752EC /* Observable.swift */,
			);
			path = Helper;
			sourceTree = "<group>";
		};
		41DEAC72295351D2007752EC /* Screens */ = {
			isa = PBXGroup;
			children = (
				41DEAC57295095AC007752EC /* Cities */,
				41DEAC58295095D8007752EC /* Forecast */,
			);
			path = Screens;
			sourceTree = "<group>";
		};
		41DEAC7329535208007752EC /* Model */ = {
			isa = PBXGroup;
			children = (
				41DEAC8229545A4F007752EC /* CurrentWeatherModel.swift */,
			);
			path = Model;
			sourceTree = "<group>";
		};
		41DEAC7429535213007752EC /* View */ = {
			isa = PBXGroup;
			children = (
				419E52F2294B5261003B5E43 /* CitiesListViewController.swift */,
				419E52F4294B5261003B5E43 /* Main.storyboard */,
				41DEAC842954918B007752EC /* SearchTextField.swift */,
				41DEAC7629535239007752EC /* Cells */,
			);
			path = View;
			sourceTree = "<group>";
		};
		41DEAC7529535219007752EC /* ViewModel */ = {
			isa = PBXGroup;
			children = (
				41DEAC51294FBC23007752EC /* CitiesListViewModel.swift */,
				41DEAC7E29545199007752EC /* CityCellViewModel.swift */,
			);
			path = ViewModel;
			sourceTree = "<group>";
		};
		41DEAC7629535239007752EC /* Cells */ = {
			isa = PBXGroup;
			children = (
				419E5302294BBB4D003B5E43 /* CityTableViewCell.swift */,
				41DEAC532950587B007752EC /* SearchTableViewCell.swift */,
			);
			path = Cells;
			sourceTree = "<group>";
		};
		41DEAC7729535270007752EC /* ViewModel */ = {
			isa = PBXGroup;
			children = (
				41DEAC5929509636007752EC /* ForecastViewModel.swift */,
				41DEAC6F29534E4B007752EC /* HourlyCellViewModel.swift */,
				41DEAC7A2953A6E4007752EC /* WeeklyCellViewModel.swift */,
				41DEAC7C29544D10007752EC /* InfoCellViewModel.swift */,
			);
			path = ViewModel;
			sourceTree = "<group>";
		};
		41DEAC782953527A007752EC /* View */ = {
			isa = PBXGroup;
			children = (
				41DEAC5B2950ADC2007752EC /* ForecastViewController.swift */,
				41DEAC6C29534A8B007752EC /* Header */,
				41DEAC6729534A4D007752EC /* Cells */,
				41DEAC5529509598007752EC /* Forecast.storyboard */,
			);
			path = View;
			sourceTree = "<group>";
		};
		41DEAC792953527F007752EC /* Model */ = {
			isa = PBXGroup;
			children = (
				41DEAC4A294E86C3007752EC /* WeatherForecastModel.swift */,
			);
			path = Model;
			sourceTree = "<group>";
		};
/* End PBXGroup section */

/* Begin PBXNativeTarget section */
		419E52EA294B5261003B5E43 /* mmmarinasel_weather_app */ = {
			isa = PBXNativeTarget;
			buildConfigurationList = 419E52FF294B526B003B5E43 /* Build configuration list for PBXNativeTarget "mmmarinasel_weather_app" */;
			buildPhases = (
				419E52E7294B5261003B5E43 /* Sources */,
				419E52E8294B5261003B5E43 /* Frameworks */,
				419E52E9294B5261003B5E43 /* Resources */,
			);
			buildRules = (
			);
			dependencies = (
			);
			name = mmmarinasel_weather_app;
			productName = mmmarinasel_weather_app;
			productReference = 419E52EB294B5261003B5E43 /* mmmarinasel_weather_app.app */;
			productType = "com.apple.product-type.application";
		};
/* End PBXNativeTarget section */

/* Begin PBXProject section */
		419E52E3294B5260003B5E43 /* Project object */ = {
			isa = PBXProject;
			attributes = {
				BuildIndependentTargetsInParallel = 1;
				LastSwiftUpdateCheck = 1410;
				LastUpgradeCheck = 1410;
				TargetAttributes = {
					419E52EA294B5261003B5E43 = {
						CreatedOnToolsVersion = 14.1;
					};
				};
			};
			buildConfigurationList = 419E52E6294B5260003B5E43 /* Build configuration list for PBXProject "mmmarinasel_weather_app" */;
			compatibilityVersion = "Xcode 14.0";
			developmentRegion = en;
			hasScannedForEncodings = 0;
			knownRegions = (
				en,
				Base,
			);
			mainGroup = 419E52E2294B5260003B5E43;
			productRefGroup = 419E52EC294B5261003B5E43 /* Products */;
			projectDirPath = "";
			projectRoot = "";
			targets = (
				419E52EA294B5261003B5E43 /* mmmarinasel_weather_app */,
			);
		};
/* End PBXProject section */

/* Begin PBXResourcesBuildPhase section */
		419E52E9294B5261003B5E43 /* Resources */ = {
			isa = PBXResourcesBuildPhase;
			buildActionMask = 2147483647;
			files = (
				419E52FB294B526B003B5E43 /* LaunchScreen.storyboard in Resources */,
				41DEAC5629509598007752EC /* Forecast.storyboard in Resources */,
				419E52F8294B526B003B5E43 /* Assets.xcassets in Resources */,
				419E52F6294B5261003B5E43 /* Main.storyboard in Resources */,
			);
			runOnlyForDeploymentPostprocessing = 0;
		};
/* End PBXResourcesBuildPhase section */

/* Begin PBXSourcesBuildPhase section */
		419E52E7294B5261003B5E43 /* Sources */ = {
			isa = PBXSourcesBuildPhase;
			buildActionMask = 2147483647;
			files = (
				41DEAC542950587B007752EC /* SearchTableViewCell.swift in Sources */,
				41DEAC7029534E4B007752EC /* HourlyCellViewModel.swift in Sources */,
				41DEAC8329545A4F007752EC /* CurrentWeatherModel.swift in Sources */,
				41DEAC6429511A1F007752EC /* DescriptionCollectionViewCell.swift in Sources */,
				41DEAC7B2953A6E5007752EC /* WeeklyCellViewModel.swift in Sources */,
				419E52F3294B5261003B5E43 /* CitiesListViewController.swift in Sources */,
				41DEAC6029510C00007752EC /* HourlyForecastCollectionViewCell.swift in Sources */,
				419E52EF294B5261003B5E43 /* AppDelegate.swift in Sources */,
				41DEAC4D294E86EE007752EC /* ForecastService.swift in Sources */,
				41DEAC852954918B007752EC /* SearchTextField.swift in Sources */,
				41DEAC5E2950D949007752EC /* ForecastCollectionReusableView.swift in Sources */,
				419E5303294BBB4E003B5E43 /* CityTableViewCell.swift in Sources */,
				419E52F1294B5261003B5E43 /* SceneDelegate.swift in Sources */,
				41DEAC52294FBC23007752EC /* CitiesListViewModel.swift in Sources */,
				41DEAC6629511A27007752EC /* InfoCollectionViewCell.swift in Sources */,
				41DEAC4F294FA768007752EC /* Observable.swift in Sources */,
				41DEAC6229511A06007752EC /* WeeklyForecastCollectionViewCell.swift in Sources */,
				41DEAC4B294E86C3007752EC /* WeatherForecastModel.swift in Sources */,
				41DEAC5A29509636007752EC /* ForecastViewModel.swift in Sources */,
				41DEAC5C2950ADC2007752EC /* ForecastViewController.swift in Sources */,
				41DEAC7D29544D10007752EC /* InfoCellViewModel.swift in Sources */,
				41DEAC7F29545199007752EC /* CityCellViewModel.swift in Sources */,
			);
			runOnlyForDeploymentPostprocessing = 0;
		};
/* End PBXSourcesBuildPhase section */

/* Begin PBXVariantGroup section */
		419E52F4294B5261003B5E43 /* Main.storyboard */ = {
			isa = PBXVariantGroup;
			children = (
				419E52F5294B5261003B5E43 /* Base */,
			);
			name = Main.storyboard;
			sourceTree = "<group>";
		};
		419E52F9294B526B003B5E43 /* LaunchScreen.storyboard */ = {
			isa = PBXVariantGroup;
			children = (
				419E52FA294B526B003B5E43 /* Base */,
			);
			name = LaunchScreen.storyboard;
			sourceTree = "<group>";
		};
/* End PBXVariantGroup section */

/* Begin XCBuildConfiguration section */
		419E52FD294B526B003B5E43 /* Debug */ = {
			isa = XCBuildConfiguration;
			buildSettings = {
				ALWAYS_SEARCH_USER_PATHS = NO;
				CLANG_ANALYZER_NONNULL = YES;
				CLANG_ANALYZER_NUMBER_OBJECT_CONVERSION = YES_AGGRESSIVE;
				CLANG_CXX_LANGUAGE_STANDARD = "gnu++20";
				CLANG_ENABLE_MODULES = YES;
				CLANG_ENABLE_OBJC_ARC = YES;
				CLANG_ENABLE_OBJC_WEAK = YES;
				CLANG_WARN_BLOCK_CAPTURE_AUTORELEASING = YES;
				CLANG_WARN_BOOL_CONVERSION = YES;
				CLANG_WARN_COMMA = YES;
				CLANG_WARN_CONSTANT_CONVERSION = YES;
				CLANG_WARN_DEPRECATED_OBJC_IMPLEMENTATIONS = YES;
				CLANG_WARN_DIRECT_OBJC_ISA_USAGE = YES_ERROR;
				CLANG_WARN_DOCUMENTATION_COMMENTS = YES;
				CLANG_WARN_EMPTY_BODY = YES;
				CLANG_WARN_ENUM_CONVERSION = YES;
				CLANG_WARN_INFINITE_RECURSION = YES;
				CLANG_WARN_INT_CONVERSION = YES;
				CLANG_WARN_NON_LITERAL_NULL_CONVERSION = YES;
				CLANG_WARN_OBJC_IMPLICIT_RETAIN_SELF = YES;
				CLANG_WARN_OBJC_LITERAL_CONVERSION = YES;
				CLANG_WARN_OBJC_ROOT_CLASS = YES_ERROR;
				CLANG_WARN_QUOTED_INCLUDE_IN_FRAMEWORK_HEADER = YES;
				CLANG_WARN_RANGE_LOOP_ANALYSIS = YES;
				CLANG_WARN_STRICT_PROTOTYPES = YES;
				CLANG_WARN_SUSPICIOUS_MOVE = YES;
				CLANG_WARN_UNGUARDED_AVAILABILITY = YES_AGGRESSIVE;
				CLANG_WARN_UNREACHABLE_CODE = YES;
				CLANG_WARN__DUPLICATE_METHOD_MATCH = YES;
				COPY_PHASE_STRIP = NO;
				DEBUG_INFORMATION_FORMAT = dwarf;
				ENABLE_STRICT_OBJC_MSGSEND = YES;
				ENABLE_TESTABILITY = YES;
				GCC_C_LANGUAGE_STANDARD = gnu11;
				GCC_DYNAMIC_NO_PIC = NO;
				GCC_NO_COMMON_BLOCKS = YES;
				GCC_OPTIMIZATION_LEVEL = 0;
				GCC_PREPROCESSOR_DEFINITIONS = (
					"DEBUG=1",
					"$(inherited)",
				);
				GCC_WARN_64_TO_32_BIT_CONVERSION = YES;
				GCC_WARN_ABOUT_RETURN_TYPE = YES_ERROR;
				GCC_WARN_UNDECLARED_SELECTOR = YES;
				GCC_WARN_UNINITIALIZED_AUTOS = YES_AGGRESSIVE;
				GCC_WARN_UNUSED_FUNCTION = YES;
				GCC_WARN_UNUSED_VARIABLE = YES;
				IPHONEOS_DEPLOYMENT_TARGET = 16.1;
				MTL_ENABLE_DEBUG_INFO = INCLUDE_SOURCE;
				MTL_FAST_MATH = YES;
				ONLY_ACTIVE_ARCH = YES;
				SDKROOT = iphoneos;
				SWIFT_ACTIVE_COMPILATION_CONDITIONS = DEBUG;
				SWIFT_OPTIMIZATION_LEVEL = "-Onone";
			};
			name = Debug;
		};
		419E52FE294B526B003B5E43 /* Release */ = {
			isa = XCBuildConfiguration;
			buildSettings = {
				ALWAYS_SEARCH_USER_PATHS = NO;
				CLANG_ANALYZER_NONNULL = YES;
				CLANG_ANALYZER_NUMBER_OBJECT_CONVERSION = YES_AGGRESSIVE;
				CLANG_CXX_LANGUAGE_STANDARD = "gnu++20";
				CLANG_ENABLE_MODULES = YES;
				CLANG_ENABLE_OBJC_ARC = YES;
				CLANG_ENABLE_OBJC_WEAK = YES;
				CLANG_WARN_BLOCK_CAPTURE_AUTORELEASING = YES;
				CLANG_WARN_BOOL_CONVERSION = YES;
				CLANG_WARN_COMMA = YES;
				CLANG_WARN_CONSTANT_CONVERSION = YES;
				CLANG_WARN_DEPRECATED_OBJC_IMPLEMENTATIONS = YES;
				CLANG_WARN_DIRECT_OBJC_ISA_USAGE = YES_ERROR;
				CLANG_WARN_DOCUMENTATION_COMMENTS = YES;
				CLANG_WARN_EMPTY_BODY = YES;
				CLANG_WARN_ENUM_CONVERSION = YES;
				CLANG_WARN_INFINITE_RECURSION = YES;
				CLANG_WARN_INT_CONVERSION = YES;
				CLANG_WARN_NON_LITERAL_NULL_CONVERSION = YES;
				CLANG_WARN_OBJC_IMPLICIT_RETAIN_SELF = YES;
				CLANG_WARN_OBJC_LITERAL_CONVERSION = YES;
				CLANG_WARN_OBJC_ROOT_CLASS = YES_ERROR;
				CLANG_WARN_QUOTED_INCLUDE_IN_FRAMEWORK_HEADER = YES;
				CLANG_WARN_RANGE_LOOP_ANALYSIS = YES;
				CLANG_WARN_STRICT_PROTOTYPES = YES;
				CLANG_WARN_SUSPICIOUS_MOVE = YES;
				CLANG_WARN_UNGUARDED_AVAILABILITY = YES_AGGRESSIVE;
				CLANG_WARN_UNREACHABLE_CODE = YES;
				CLANG_WARN__DUPLICATE_METHOD_MATCH = YES;
				COPY_PHASE_STRIP = NO;
				DEBUG_INFORMATION_FORMAT = "dwarf-with-dsym";
				ENABLE_NS_ASSERTIONS = NO;
				ENABLE_STRICT_OBJC_MSGSEND = YES;
				GCC_C_LANGUAGE_STANDARD = gnu11;
				GCC_NO_COMMON_BLOCKS = YES;
				GCC_WARN_64_TO_32_BIT_CONVERSION = YES;
				GCC_WARN_ABOUT_RETURN_TYPE = YES_ERROR;
				GCC_WARN_UNDECLARED_SELECTOR = YES;
				GCC_WARN_UNINITIALIZED_AUTOS = YES_AGGRESSIVE;
				GCC_WARN_UNUSED_FUNCTION = YES;
				GCC_WARN_UNUSED_VARIABLE = YES;
				IPHONEOS_DEPLOYMENT_TARGET = 16.1;
				MTL_ENABLE_DEBUG_INFO = NO;
				MTL_FAST_MATH = YES;
				SDKROOT = iphoneos;
				SWIFT_COMPILATION_MODE = wholemodule;
				SWIFT_OPTIMIZATION_LEVEL = "-O";
				VALIDATE_PRODUCT = YES;
			};
			name = Release;
		};
		419E5300294B526B003B5E43 /* Debug */ = {
			isa = XCBuildConfiguration;
			buildSettings = {
				ASSETCATALOG_COMPILER_APPICON_NAME = AppIcon;
				ASSETCATALOG_COMPILER_GLOBAL_ACCENT_COLOR_NAME = AccentColor;
				CODE_SIGN_STYLE = Automatic;
				CURRENT_PROJECT_VERSION = 1;
				DEVELOPMENT_TEAM = 4S4JPYLG6Z;
				GENERATE_INFOPLIST_FILE = YES;
				INFOPLIST_FILE = mmmarinasel_weather_app/Info.plist;
				INFOPLIST_KEY_UIApplicationSupportsIndirectInputEvents = YES;
				INFOPLIST_KEY_UILaunchStoryboardName = LaunchScreen;
				INFOPLIST_KEY_UIMainStoryboardFile = Main;
				INFOPLIST_KEY_UISupportedInterfaceOrientations = UIInterfaceOrientationPortrait;
				LD_RUNPATH_SEARCH_PATHS = (
					"$(inherited)",
					"@executable_path/Frameworks",
				);
				MARKETING_VERSION = 1.0;
				PRODUCT_BUNDLE_IDENTIFIER = "mmmarinasel.mmmarinasel-weather-app";
				PRODUCT_NAME = "$(TARGET_NAME)";
				SWIFT_EMIT_LOC_STRINGS = YES;
				SWIFT_VERSION = 5.0;
				TARGETED_DEVICE_FAMILY = "1,2";
			};
			name = Debug;
		};
		419E5301294B526B003B5E43 /* Release */ = {
			isa = XCBuildConfiguration;
			buildSettings = {
				ASSETCATALOG_COMPILER_APPICON_NAME = AppIcon;
				ASSETCATALOG_COMPILER_GLOBAL_ACCENT_COLOR_NAME = AccentColor;
				CODE_SIGN_STYLE = Automatic;
				CURRENT_PROJECT_VERSION = 1;
				DEVELOPMENT_TEAM = 4S4JPYLG6Z;
				GENERATE_INFOPLIST_FILE = YES;
				INFOPLIST_FILE = mmmarinasel_weather_app/Info.plist;
				INFOPLIST_KEY_UIApplicationSupportsIndirectInputEvents = YES;
				INFOPLIST_KEY_UILaunchStoryboardName = LaunchScreen;
				INFOPLIST_KEY_UIMainStoryboardFile = Main;
				INFOPLIST_KEY_UISupportedInterfaceOrientations = UIInterfaceOrientationPortrait;
				LD_RUNPATH_SEARCH_PATHS = (
					"$(inherited)",
					"@executable_path/Frameworks",
				);
				MARKETING_VERSION = 1.0;
				PRODUCT_BUNDLE_IDENTIFIER = "mmmarinasel.mmmarinasel-weather-app";
				PRODUCT_NAME = "$(TARGET_NAME)";
				SWIFT_EMIT_LOC_STRINGS = YES;
				SWIFT_VERSION = 5.0;
				TARGETED_DEVICE_FAMILY = "1,2";
			};
			name = Release;
		};
/* End XCBuildConfiguration section */

/* Begin XCConfigurationList section */
		419E52E6294B5260003B5E43 /* Build configuration list for PBXProject "mmmarinasel_weather_app" */ = {
			isa = XCConfigurationList;
			buildConfigurations = (
				419E52FD294B526B003B5E43 /* Debug */,
				419E52FE294B526B003B5E43 /* Release */,
			);
			defaultConfigurationIsVisible = 0;
			defaultConfigurationName = Release;
		};
		419E52FF294B526B003B5E43 /* Build configuration list for PBXNativeTarget "mmmarinasel_weather_app" */ = {
			isa = XCConfigurationList;
			buildConfigurations = (
				419E5300294B526B003B5E43 /* Debug */,
				419E5301294B526B003B5E43 /* Release */,
			);
			defaultConfigurationIsVisible = 0;
			defaultConfigurationName = Release;
		};
/* End XCConfigurationList section */
	};
	rootObject = 419E52E3294B5260003B5E43 /* Project object */;
}
